
Microsoft Visual Studio Solution File, Format Version 12.00
# Visual Studio 15
VisualStudioVersion = 15.0.28010.2050
MinimumVisualStudioVersion = 10.0.40219.1
Project("{9A19103F-16F7-4668-BE54-9A1E7A4F7556}") = "Karonda.ModbusTcp", "Karonda.ModbusTcp\Karonda.ModbusTcp.csproj", "{6D7055D9-D2E6-4D48-9AA1-440E844F34E1}"
EndProject
Project("{9A19103F-16F7-4668-BE54-9A1E7A4F7556}") = "Karonda.ModbusTcp.Client", "Karonda.ModbusTcp.Client\Karonda.ModbusTcp.Client.csproj", "{262F1BBF-A902-4F8B-B367-62388502DDFF}"
EndProject
Project("{9A19103F-16F7-4668-BE54-9A1E7A4F7556}") = "Karonda.ModbusTcp.Server", "Karonda.ModbusTcp.Server\Karonda.ModbusTcp.Server.csproj", "{57CC2EE2-F4DD-4475-947A-D54F9CB33B93}"
EndProject
Project("{2150E333-8FDC-42A3-9474-1A3956D46DE8}") = "src", "src", "{F445E325-BD11-485C-BC4D-A560C9BBA8FE}"
EndProject
Project("{2150E333-8FDC-42A3-9474-1A3956D46DE8}") = "examples", "examples", "{FE0D1E90-583B-4612-8C3A-069CA15CDF69}"
EndProject
Global
	GlobalSection(SolutionConfigurationPlatforms) = preSolution
		Debug|Any CPU = Debug|Any CPU
		Release|Any CPU = Release|Any CPU
	EndGlobalSection
	GlobalSection(ProjectConfigurationPlatforms) = postSolution
		{6D7055D9-D2E6-4D48-9AA1-440E844F34E1}.Debug|Any CPU.ActiveCfg = Debug|Any CPU
		{6D7055D9-D2E6-4D48-9AA1-440E844F34E1}.Debug|Any CPU.Build.0 = Debug|Any CPU
		{6D7055D9-D2E6-4D48-9AA1-440E844F34E1}.Release|Any CPU.ActiveCfg = Release|Any CPU
		{6D7055D9-D2E6-4D48-9AA1-440E844F34E1}.Release|Any CPU.Build.0 = Release|Any CPU
		{262F1BBF-A902-4F8B-B367-62388502DDFF}.Debug|Any CPU.ActiveCfg = Debug|Any CPU
		{262F1BBF-A902-4F8B-B367-62388502DDFF}.Debug|Any CPU.Build.0 = Debug|Any CPU
		{262F1BBF-A902-4F8B-B367-62388502DDFF}.Release|Any CPU.ActiveCfg = Release|Any CPU
		{262F1BBF-A902-4F8B-B367-62388502DDFF}.Release|Any CPU.Build.0 = Release|Any CPU
		{57CC2EE2-F4DD-4475-947A-D54F9CB33B93}.Debug|Any CPU.ActiveCfg = Debug|Any CPU
		{57CC2EE2-F4DD-4475-947A-D54F9CB33B93}.Debug|Any CPU.Build.0 = Debug|Any CPU
		{57CC2EE2-F4DD-4475-947A-D54F9CB33B93}.Release|Any CPU.ActiveCfg = Release|Any CPU
		{57CC2EE2-F4DD-4475-947A-D54F9CB33B93}.Release|Any CPU.Build.0 = Release|Any CPU
	EndGlobalSection
	GlobalSection(SolutionProperties) = preSolution
		HideSolutionNode = FALSE
	EndGlobalSection
	GlobalSection(NestedProjects) = preSolution
		{6D7055D9-D2E6-4D48-9AA1-440E844F34E1} = {F445E325-BD11-485C-BC4D-A560C9BBA8FE}
		{262F1BBF-A902-4F8B-B367-62388502DDFF} = {FE0D1E90-583B-4612-8C3A-069CA15CDF69}
		{57CC2EE2-F4DD-4475-947A-D54F9CB33B93} = {FE0D1E90-583B-4612-8C3A-069CA15CDF69}
	EndGlobalSection
	GlobalSection(ExtensibilityGlobals) = postSolution
		SolutionGuid = {87424D19-0664-43CE-B730-54D88491D865}
	EndGlobalSection
EndGlobal
